
Microsoft Visual Studio Solution File, Format Version 12.00
# Visual Studio Version 17
VisualStudioVersion = 17.5.001.0
MinimumVisualStudioVersion = 10.0.40219.1
Project("{9A19103F-16F7-4668-BE54-9A1E7A4F7556}") = "CCloud", "CCloud.csproj", "{B28A20E2-095B-416A-B628-3E4029E18D8B}"
EndProject
Global
	GlobalSection(SolutionConfigurationPlatforms) = preSolution
		Debug|Any CPU = Debug|Any CPU
		Release|Any CPU = Release|Any CPU
	EndGlobalSection
	GlobalSection(ProjectConfigurationPlatforms) = postSolution
		{B28A20E2-095B-416A-B628-3E4029E18D8B}.Debug|Any CPU.ActiveCfg = Debug|Any CPU
		{B28A20E2-095B-416A-B628-3E4029E18D8B}.Debug|Any CPU.Build.0 = Debug|Any CPU
		{B28A20E2-095B-416A-B628-3E4029E18D8B}.Release|Any CPU.ActiveCfg = Release|Any CPU
		{B28A20E2-095B-416A-B628-3E4029E18D8B}.Release|Any CPU.Build.0 = Release|Any CPU
	EndGlobalSection
	GlobalSection(SolutionProperties) = preSolution
		HideSolutionNode = FALSE
	EndGlobalSection
	GlobalSection(ExtensibilityGlobals) = postSolution
		SolutionGuid = {E39027D6-E09E-464C-B77E-F2765D7C1347}
	EndGlobalSection
EndGlobal
