
Microsoft Visual Studio Solution File, Format Version 12.00
# Visual Studio Version 17
VisualStudioVersion = 17.5.001.0
MinimumVisualStudioVersion = 10.0.40219.1
Project("{9A19103F-16F7-4668-BE54-9A1E7A4F7556}") = "Arrays", "Arrays.csproj", "{995E6917-6B35-4B52-882C-79F60272523A}"
EndProject
Global
	GlobalSection(SolutionConfigurationPlatforms) = preSolution
		Debug|Any CPU = Debug|Any CPU
		Release|Any CPU = Release|Any CPU
	EndGlobalSection
	GlobalSection(ProjectConfigurationPlatforms) = postSolution
		{995E6917-6B35-4B52-882C-79F60272523A}.Debug|Any CPU.ActiveCfg = Debug|Any CPU
		{995E6917-6B35-4B52-882C-79F60272523A}.Debug|Any CPU.Build.0 = Debug|Any CPU
		{995E6917-6B35-4B52-882C-79F60272523A}.Release|Any CPU.ActiveCfg = Release|Any CPU
		{995E6917-6B35-4B52-882C-79F60272523A}.Release|Any CPU.Build.0 = Release|Any CPU
	EndGlobalSection
	GlobalSection(SolutionProperties) = preSolution
		HideSolutionNode = FALSE
	EndGlobalSection
	GlobalSection(ExtensibilityGlobals) = postSolution
		SolutionGuid = {079512BB-3E05-42E3-80D0-7727173A862D}
	EndGlobalSection
EndGlobal
