
Microsoft Visual Studio Solution File, Format Version 12.00
# Visual Studio Version 17
VisualStudioVersion = 17.5.001.0
MinimumVisualStudioVersion = 10.0.40219.1
Project("{9A19103F-16F7-4668-BE54-9A1E7A4F7556}") = "LeetCode", "LeetCode.csproj", "{F9B31BE1-F998-452D-94E9-C71F9062B14F}"
EndProject
Global
	GlobalSection(SolutionConfigurationPlatforms) = preSolution
		Debug|Any CPU = Debug|Any CPU
		Release|Any CPU = Release|Any CPU
	EndGlobalSection
	GlobalSection(ProjectConfigurationPlatforms) = postSolution
		{F9B31BE1-F998-452D-94E9-C71F9062B14F}.Debug|Any CPU.ActiveCfg = Debug|Any CPU
		{F9B31BE1-F998-452D-94E9-C71F9062B14F}.Debug|Any CPU.Build.0 = Debug|Any CPU
		{F9B31BE1-F998-452D-94E9-C71F9062B14F}.Release|Any CPU.ActiveCfg = Release|Any CPU
		{F9B31BE1-F998-452D-94E9-C71F9062B14F}.Release|Any CPU.Build.0 = Release|Any CPU
	EndGlobalSection
	GlobalSection(SolutionProperties) = preSolution
		HideSolutionNode = FALSE
	EndGlobalSection
	GlobalSection(ExtensibilityGlobals) = postSolution
		SolutionGuid = {0ED0367F-9B13-4465-B62B-4C10484E69BE}
	EndGlobalSection
EndGlobal
