
Microsoft Visual Studio Solution File, Format Version 12.00
# Visual Studio Version 17
VisualStudioVersion = 17.4.33103.184
MinimumVisualStudioVersion = 10.0.40219.1
Project("{FAE04EC0-301F-11D3-BF4B-00C04F79EFBC}") = "TestLearning", "TestLearning\TestLearning.csproj", "{5A7FFE50-D732-4A9B-B4E1-AB43C43A0EA2}"
EndProject
Global
	GlobalSection(SolutionConfigurationPlatforms) = preSolution
		Debug|Any CPU = Debug|Any CPU
		Release|Any CPU = Release|Any CPU
	EndGlobalSection
	GlobalSection(ProjectConfigurationPlatforms) = postSolution
		{5A7FFE50-D732-4A9B-B4E1-AB43C43A0EA2}.Debug|Any CPU.ActiveCfg = Debug|Any CPU
		{5A7FFE50-D732-4A9B-B4E1-AB43C43A0EA2}.Debug|Any CPU.Build.0 = Debug|Any CPU
		{5A7FFE50-D732-4A9B-B4E1-AB43C43A0EA2}.Release|Any CPU.ActiveCfg = Release|Any CPU
		{5A7FFE50-D732-4A9B-B4E1-AB43C43A0EA2}.Release|Any CPU.Build.0 = Release|Any CPU
	EndGlobalSection
	GlobalSection(SolutionProperties) = preSolution
		HideSolutionNode = FALSE
	EndGlobalSection
	GlobalSection(ExtensibilityGlobals) = postSolution
		SolutionGuid = {625CEEB6-5354-40DC-8B19-58065A518B06}
	EndGlobalSection
EndGlobal
