
Microsoft Visual Studio Solution File, Format Version 12.00
# Visual Studio Version 17
VisualStudioVersion = 17.5.001.0
MinimumVisualStudioVersion = 10.0.40219.1
Project("{9A19103F-16F7-4668-BE54-9A1E7A4F7556}") = "BlazorWasm", "BlazorWasm.csproj", "{F3FEBCE1-F6AB-4B80-9E4F-30F2A209DB9F}"
EndProject
Global
	GlobalSection(SolutionConfigurationPlatforms) = preSolution
		Debug|Any CPU = Debug|Any CPU
		Release|Any CPU = Release|Any CPU
	EndGlobalSection
	GlobalSection(ProjectConfigurationPlatforms) = postSolution
		{F3FEBCE1-F6AB-4B80-9E4F-30F2A209DB9F}.Debug|Any CPU.ActiveCfg = Debug|Any CPU
		{F3FEBCE1-F6AB-4B80-9E4F-30F2A209DB9F}.Debug|Any CPU.Build.0 = Debug|Any CPU
		{F3FEBCE1-F6AB-4B80-9E4F-30F2A209DB9F}.Release|Any CPU.ActiveCfg = Release|Any CPU
		{F3FEBCE1-F6AB-4B80-9E4F-30F2A209DB9F}.Release|Any CPU.Build.0 = Release|Any CPU
	EndGlobalSection
	GlobalSection(SolutionProperties) = preSolution
		HideSolutionNode = FALSE
	EndGlobalSection
	GlobalSection(ExtensibilityGlobals) = postSolution
		SolutionGuid = {0A274A16-2F0D-4CC9-94FB-F5CC1587239F}
	EndGlobalSection
EndGlobal
